# generated by rye
# use `rye lock` or `rye sync` to update this lockfile
#
# last locked with the following flags:
#   pre: false
#   features: []
#   all-features: false
#   with-sources: false

aiohttp==3.9.3
    # via litellm
aiosignal==1.3.1
    # via aiohttp
alembic==1.13.1
annotated-types==0.6.0
    # via pydantic
anyio==4.3.0
    # via httpx
    # via openai
    # via starlette
attrs==23.2.0
    # via aiohttp
certifi==2024.2.2
    # via httpcore
    # via httpx
    # via requests
charset-normalizer==3.3.2
    # via requests
click==8.1.7
    # via litellm
    # via uvicorn
contourpy==1.2.1
    # via matplotlib
cramjam==2.8.3
    # via fastparquet
cycler==0.12.1
    # via matplotlib
distro==1.9.0
    # via openai
fastapi==0.110.1
fastparquet==2024.2.0
filelock==3.13.3
    # via huggingface-hub
fonttools==4.51.0
    # via matplotlib
frozenlist==1.4.1
    # via aiohttp
    # via aiosignal
fsspec==2024.3.1
    # via fastparquet
    # via huggingface-hub
greenlet==3.0.3
    # via sqlalchemy
h11==0.14.0
    # via httpcore
    # via uvicorn
hiredis==2.3.2
    # via redis
httpcore==1.0.5
    # via httpx
httpx==0.27.0
    # via openai
huggingface-hub==0.22.2
    # via tokenizers
idna==3.6
    # via anyio
    # via httpx
    # via requests
    # via yarl
importlib-metadata==7.1.0
    # via litellm
jinja2==3.1.3
    # via litellm
kiwisolver==1.4.5
    # via matplotlib
litellm==1.34.29
mako==1.3.2
    # via alembic
markupsafe==2.1.5
    # via jinja2
    # via mako
matplotlib==3.8.4
multidict==6.0.5
    # via aiohttp
    # via yarl
mypy==1.9.0
    # via sqlalchemy
mypy-extensions==1.0.0
    # via mypy
numpy==1.26.4
    # via contourpy
    # via fastparquet
    # via matplotlib
    # via pandas
    # via scipy
openai==1.16.2
    # via litellm
packaging==24.0
    # via fastparquet
    # via huggingface-hub
    # via matplotlib
pandas==2.2.1
    # via fastparquet
pillow==10.3.0
    # via matplotlib
pydantic==2.6.4
    # via fastapi
    # via openai
    # via pydantic-settings
pydantic-core==2.16.3
    # via pydantic
pydantic-settings==2.2.1
pyparsing==3.1.2
    # via matplotlib
python-dateutil==2.9.0.post0
    # via matplotlib
    # via pandas
python-dotenv==1.0.1
    # via litellm
    # via pydantic-settings
pytz==2024.1
    # via pandas
pyyaml==6.0.1
    # via huggingface-hub
redis==5.0.3
regex==2023.12.25
    # via tiktoken
requests==2.31.0
    # via huggingface-hub
    # via litellm
    # via tiktoken
scipy==1.13.0
six==1.16.0
    # via python-dateutil
sniffio==1.3.1
    # via anyio
    # via httpx
    # via openai
sqlalchemy==2.0.29
    # via alembic
starlette==0.37.2
    # via fastapi
tiktoken==0.6.0
    # via litellm
tokenizers==0.15.2
    # via litellm
tqdm==4.66.2
    # via huggingface-hub
    # via openai
typing-extensions==4.11.0
    # via alembic
    # via fastapi
    # via huggingface-hub
    # via mypy
    # via openai
    # via pydantic
    # via pydantic-core
    # via sqlalchemy
tzdata==2024.1
    # via pandas
urllib3==2.2.1
    # via requests
uvicorn==0.29.0
yarl==1.9.4
    # via aiohttp
zipp==3.18.1
    # via importlib-metadata
